
Microsoft Visual Studio Solution File, Format Version 12.00
# Visual Studio Version 16
VisualStudioVersion = 16.0.33927.289
MinimumVisualStudioVersion = 10.0.40219.1
Project("{8BC9CEB8-8B4A-11D0-8D11-00A0C91BC942}") = "Point_01_10_2024", "Point_01_10_2024.vcxproj", "{BCB48225-AD3E-48A5-9F38-5864B411363A}"
EndProject
Global
	GlobalSection(SolutionConfigurationPlatforms) = preSolution
		Debug|x64 = Debug|x64
		Debug|x86 = Debug|x86
		Release|x64 = Release|x64
		Release|x86 = Release|x86
	EndGlobalSection
	GlobalSection(ProjectConfigurationPlatforms) = postSolution
		{BCB48225-AD3E-48A5-9F38-5864B411363A}.Debug|x64.ActiveCfg = Debug|x64
		{BCB48225-AD3E-48A5-9F38-5864B411363A}.Debug|x64.Build.0 = Debug|x64
		{BCB48225-AD3E-48A5-9F38-5864B411363A}.Debug|x86.ActiveCfg = Debug|Win32
		{BCB48225-AD3E-48A5-9F38-5864B411363A}.Debug|x86.Build.0 = Debug|Win32
		{BCB48225-AD3E-48A5-9F38-5864B411363A}.Release|x64.ActiveCfg = Release|x64
		{BCB48225-AD3E-48A5-9F38-5864B411363A}.Release|x64.Build.0 = Release|x64
		{BCB48225-AD3E-48A5-9F38-5864B411363A}.Release|x86.ActiveCfg = Release|Win32
		{BCB48225-AD3E-48A5-9F38-5864B411363A}.Release|x86.Build.0 = Release|Win32
	EndGlobalSection
	GlobalSection(SolutionProperties) = preSolution
		HideSolutionNode = FALSE
	EndGlobalSection
	GlobalSection(ExtensibilityGlobals) = postSolution
		SolutionGuid = {48FC2505-4589-4191-86BB-AF9BC5A4C480}
	EndGlobalSection
EndGlobal
